// !$*UTF8*$!
{
	archiveVersion = 1;
	classes = {
	};
	objectVersion = 48;
	objects = {

/* Begin PBXBuildFile section */
		91532F8B2004218600A45481 /* LaunchScreen.storyboard in Resources */ = {isa = PBXBuildFile; fileRef = 91532F892004218600A45481 /* LaunchScreen.storyboard */; };
		91532F93200421A500A45481 /* AppDelegate.swift in Sources */ = {isa = PBXBuildFile; fileRef = 91532F92200421A500A45481 /* AppDelegate.swift */; };
		91532F95200421AE00A45481 /* ViewController.swift in Sources */ = {isa = PBXBuildFile; fileRef = 91532F94200421AE00A45481 /* ViewController.swift */; };
		91532F99200421BE00A45481 /* Images.xcassets in Resources */ = {isa = PBXBuildFile; fileRef = 91532F98200421BE00A45481 /* Images.xcassets */; };
		91532F9C2004229000A45481 /* Main.storyboard in Resources */ = {isa = PBXBuildFile; fileRef = 91532F9A2004229000A45481 /* Main.storyboard */; };
		91532F9E200422E100A45481 /* SwiftTurf.framework in Frameworks */ = {isa = PBXBuildFile; fileRef = 91532F9F200422E100A45481 /* SwiftTurf.framework */; };
/* End PBXBuildFile section */

/* Begin PBXContainerItemProxy section */
		91532FA4200423A400A45481 /* PBXContainerItemProxy */ = {
			isa = PBXContainerItemProxy;
			containerPortal = 91532FA0200423A400A45481 /* SwiftTurf.xcodeproj */;
			proxyType = 2;
			remoteGlobalIDString = 91532F2320041CC500A45481;
			remoteInfo = SwiftTurf;
		};
/* End PBXContainerItemProxy section */

/* Begin PBXFileReference section */
		91532F7D2004218600A45481 /* SwiftTurf-Example.app */ = {isa = PBXFileReference; explicitFileType = wrapper.application; includeInIndex = 0; path = "SwiftTurf-Example.app"; sourceTree = BUILT_PRODUCTS_DIR; };
		91532F8A2004218600A45481 /* Base */ = {isa = PBXFileReference; lastKnownFileType = file.storyboard; name = Base; path = Base.lproj/LaunchScreen.storyboard; sourceTree = "<group>"; };
		91532F8C2004218600A45481 /* Info.plist */ = {isa = PBXFileReference; lastKnownFileType = text.plist.xml; path = Info.plist; sourceTree = "<group>"; };
		91532F92200421A500A45481 /* AppDelegate.swift */ = {isa = PBXFileReference; fileEncoding = 4; lastKnownFileType = sourcecode.swift; path = AppDelegate.swift; sourceTree = "<group>"; };
		91532F94200421AE00A45481 /* ViewController.swift */ = {isa = PBXFileReference; fileEncoding = 4; lastKnownFileType = sourcecode.swift; path = ViewController.swift; sourceTree = "<group>"; };
		91532F98200421BE00A45481 /* Images.xcassets */ = {isa = PBXFileReference; lastKnownFileType = folder.assetcatalog; path = Images.xcassets; sourceTree = "<group>"; };
		91532F9B2004229000A45481 /* Base */ = {isa = PBXFileReference; lastKnownFileType = file.storyboard; name = Base; path = Base.lproj/Main.storyboard; sourceTree = "<group>"; };
		91532F9F200422E100A45481 /* SwiftTurf.framework */ = {isa = PBXFileReference; explicitFileType = wrapper.framework; path = SwiftTurf.framework; sourceTree = BUILT_PRODUCTS_DIR; };
		91532FA0200423A400A45481 /* SwiftTurf.xcodeproj */ = {isa = PBXFileReference; lastKnownFileType = "wrapper.pb-project"; name = SwiftTurf.xcodeproj; path = ../SwiftTurf.xcodeproj; sourceTree = "<group>"; };
/* End PBXFileReference section */

/* Begin PBXFrameworksBuildPhase section */
		91532F7A2004218600A45481 /* Frameworks */ = {
			isa = PBXFrameworksBuildPhase;
			buildActionMask = 2147483647;
			files = (
				91532F9E200422E100A45481 /* SwiftTurf.framework in Frameworks */,
			);
			runOnlyForDeploymentPostprocessing = 0;
		};
/* End PBXFrameworksBuildPhase section */

/* Begin PBXGroup section */
		91532F742004218600A45481 = {
			isa = PBXGroup;
			children = (
				91532F7F2004218600A45481 /* SwiftTurf-Example */,
				91532F7E2004218600A45481 /* Products */,
				91532F9D200422E100A45481 /* Frameworks */,
				91532FA0200423A400A45481 /* SwiftTurf.xcodeproj */,
			);
			sourceTree = "<group>";
		};
		91532F7E2004218600A45481 /* Products */ = {
			isa = PBXGroup;
			children = (
				91532F7D2004218600A45481 /* SwiftTurf-Example.app */,
			);
			name = Products;
			sourceTree = "<group>";
		};
		91532F7F2004218600A45481 /* SwiftTurf-Example */ = {
			isa = PBXGroup;
			children = (
				91532F92200421A500A45481 /* AppDelegate.swift */,
				91532F94200421AE00A45481 /* ViewController.swift */,
				91532F98200421BE00A45481 /* Images.xcassets */,
				91532F9A2004229000A45481 /* Main.storyboard */,
				91532F892004218600A45481 /* LaunchScreen.storyboard */,
				91532F8C2004218600A45481 /* Info.plist */,
			);
			name = "SwiftTurf-Example";
			sourceTree = "<group>";
		};
		91532F9D200422E100A45481 /* Frameworks */ = {
			isa = PBXGroup;
			children = (
				91532F9F200422E100A45481 /* SwiftTurf.framework */,
			);
			name = Frameworks;
			sourceTree = "<group>";
		};
		91532FA1200423A400A45481 /* Products */ = {
			isa = PBXGroup;
			children = (
				91532FA5200423A400A45481 /* SwiftTurf.framework */,
			);
			name = Products;
			sourceTree = "<group>";
		};
/* End PBXGroup section */

/* Begin PBXNativeTarget section */
		91532F7C2004218600A45481 /* SwiftTurf-Example */ = {
			isa = PBXNativeTarget;
			buildConfigurationList = 91532F8F2004218600A45481 /* Build configuration list for PBXNativeTarget "SwiftTurf-Example" */;
			buildPhases = (
				91532F792004218600A45481 /* Sources */,
				91532F7A2004218600A45481 /* Frameworks */,
				91532F7B2004218600A45481 /* Resources */,
			);
			buildRules = (
			);
			dependencies = (
			);
			name = "SwiftTurf-Example";
			productName = "SwiftTurf-Example";
			productReference = 91532F7D2004218600A45481 /* SwiftTurf-Example.app */;
			productType = "com.apple.product-type.application";
		};
/* End PBXNativeTarget section */

/* Begin PBXProject section */
		91532F752004218600A45481 /* Project object */ = {
			isa = PBXProject;
			attributes = {
				LastSwiftUpdateCheck = 0920;
				LastUpgradeCheck = 0920;
				ORGANIZATIONNAME = "AirMap, Inc.";
				TargetAttributes = {
					91532F7C2004218600A45481 = {
						CreatedOnToolsVersion = 9.2;
						ProvisioningStyle = Manual;
					};
				};
			};
			buildConfigurationList = 91532F782004218600A45481 /* Build configuration list for PBXProject "SwiftTurf-Example" */;
			compatibilityVersion = "Xcode 8.0";
			developmentRegion = en;
			hasScannedForEncodings = 0;
			knownRegions = (
				en,
				Base,
			);
			mainGroup = 91532F742004218600A45481;
			productRefGroup = 91532F7E2004218600A45481 /* Products */;
			projectDirPath = "";
			projectReferences = (
				{
					ProductGroup = 91532FA1200423A400A45481 /* Products */;
					ProjectRef = 91532FA0200423A400A45481 /* SwiftTurf.xcodeproj */;
				},
			);
			projectRoot = "";
			targets = (
				91532F7C2004218600A45481 /* SwiftTurf-Example */,
			);
		};
/* End PBXProject section */

/* Begin PBXReferenceProxy section */
		91532FA5200423A400A45481 /* SwiftTurf.framework */ = {
			isa = PBXReferenceProxy;
			fileType = wrapper.framework;
			path = SwiftTurf.framework;
			remoteRef = 91532FA4200423A400A45481 /* PBXContainerItemProxy */;
			sourceTree = BUILT_PRODUCTS_DIR;
		};
/* End PBXReferenceProxy section */

/* Begin PBXResourcesBuildPhase section */
		91532F7B2004218600A45481 /* Resources */ = {
			isa = PBXResourcesBuildPhase;
			buildActionMask = 2147483647;
			files = (
				91532F9C2004229000A45481 /* Main.storyboard in Resources */,
				91532F99200421BE00A45481 /* Images.xcassets in Resources */,
				91532F8B2004218600A45481 /* LaunchScreen.storyboard in Resources */,
			);
			runOnlyForDeploymentPostprocessing = 0;
		};
/* End PBXResourcesBuildPhase section */

/* Begin PBXSourcesBuildPhase section */
		91532F792004218600A45481 /* Sources */ = {
			isa = PBXSourcesBuildPhase;
			buildActionMask = 2147483647;
			files = (
				91532F95200421AE00A45481 /* ViewController.swift in Sources */,
				91532F93200421A500A45481 /* AppDelegate.swift in Sources */,
			);
			runOnlyForDeploymentPostprocessing = 0;
		};
/* End PBXSourcesBuildPhase section */

/* Begin PBXVariantGroup section */
		91532F892004218600A45481 /* LaunchScreen.storyboard */ = {
			isa = PBXVariantGroup;
			children = (
				91532F8A2004218600A45481 /* Base */,
			);
			name = LaunchScreen.storyboard;
			sourceTree = "<group>";
		};
		91532F9A2004229000A45481 /* Main.storyboard */ = {
			isa = PBXVariantGroup;
			children = (
				91532F9B2004229000A45481 /* Base */,
			);
			name = Main.storyboard;
			sourceTree = "<group>";
		};
/* End PBXVariantGroup section */

/* Begin XCBuildConfiguration section */
		91532F8D2004218600A45481 /* Debug */ = {
			isa = XCBuildConfiguration;
			buildSettings = {
				ALWAYS_SEARCH_USER_PATHS = NO;
				CLANG_ANALYZER_NONNULL = YES;
				CLANG_ANALYZER_NUMBER_OBJECT_CONVERSION = YES_AGGRESSIVE;
				CLANG_CXX_LANGUAGE_STANDARD = "gnu++14";
				CLANG_CXX_LIBRARY = "libc++";
				CLANG_ENABLE_MODULES = YES;
				CLANG_ENABLE_OBJC_ARC = YES;
				CLANG_WARN_BLOCK_CAPTURE_AUTORELEASING = YES;
				CLANG_WARN_BOOL_CONVERSION = YES;
				CLANG_WARN_COMMA = YES;
				CLANG_WARN_CONSTANT_CONVERSION = YES;
				CLANG_WARN_DIRECT_OBJC_ISA_USAGE = YES_ERROR;
				CLANG_WARN_DOCUMENTATION_COMMENTS = YES;
				CLANG_WARN_EMPTY_BODY = YES;
				CLANG_WARN_ENUM_CONVERSION = YES;
				CLANG_WARN_INFINITE_RECURSION = YES;
				CLANG_WARN_INT_CONVERSION = YES;
				CLANG_WARN_NON_LITERAL_NULL_CONVERSION = YES;
				CLANG_WARN_OBJC_LITERAL_CONVERSION = YES;
				CLANG_WARN_OBJC_ROOT_CLASS = YES_ERROR;
				CLANG_WARN_RANGE_LOOP_ANALYSIS = YES;
				CLANG_WARN_STRICT_PROTOTYPES = YES;
				CLANG_WARN_SUSPICIOUS_MOVE = YES;
				CLANG_WARN_UNGUARDED_AVAILABILITY = YES_AGGRESSIVE;
				CLANG_WARN_UNREACHABLE_CODE = YES;
				CLANG_WARN__DUPLICATE_METHOD_MATCH = YES;
				CODE_SIGN_IDENTITY = "iPhone Developer";
				COPY_PHASE_STRIP = NO;
				DEBUG_INFORMATION_FORMAT = dwarf;
				ENABLE_STRICT_OBJC_MSGSEND = YES;
				ENABLE_TESTABILITY = YES;
				GCC_C_LANGUAGE_STANDARD = gnu11;
				GCC_DYNAMIC_NO_PIC = NO;
				GCC_NO_COMMON_BLOCKS = YES;
				GCC_OPTIMIZATION_LEVEL = 0;
				GCC_PREPROCESSOR_DEFINITIONS = (
					"DEBUG=1",
					"$(inherited)",
				);
				GCC_WARN_64_TO_32_BIT_CONVERSION = YES;
				GCC_WARN_ABOUT_RETURN_TYPE = YES_ERROR;
				GCC_WARN_UNDECLARED_SELECTOR = YES;
				GCC_WARN_UNINITIALIZED_AUTOS = YES_AGGRESSIVE;
				GCC_WARN_UNUSED_FUNCTION = YES;
				GCC_WARN_UNUSED_VARIABLE = YES;
				IPHONEOS_DEPLOYMENT_TARGET = 11.2;
				MTL_ENABLE_DEBUG_INFO = YES;
				ONLY_ACTIVE_ARCH = YES;
				SDKROOT = iphoneos;
				SWIFT_ACTIVE_COMPILATION_CONDITIONS = DEBUG;
				SWIFT_OPTIMIZATION_LEVEL = "-Onone";
			};
			name = Debug;
		};
		91532F8E2004218600A45481 /* Release */ = {
			isa = XCBuildConfiguration;
			buildSettings = {
				ALWAYS_SEARCH_USER_PATHS = NO;
				CLANG_ANALYZER_NONNULL = YES;
				CLANG_ANALYZER_NUMBER_OBJECT_CONVERSION = YES_AGGRESSIVE;
				CLANG_CXX_LANGUAGE_STANDARD = "gnu++14";
				CLANG_CXX_LIBRARY = "libc++";
				CLANG_ENABLE_MODULES = YES;
				CLANG_ENABLE_OBJC_ARC = YES;
				CLANG_WARN_BLOCK_CAPTURE_AUTORELEASING = YES;
				CLANG_WARN_BOOL_CONVERSION = YES;
				CLANG_WARN_COMMA = YES;
				CLANG_WARN_CONSTANT_CONVERSION = YES;
				CLANG_WARN_DIRECT_OBJC_ISA_USAGE = YES_ERROR;
				CLANG_WARN_DOCUMENTATION_COMMENTS = YES;
				CLANG_WARN_EMPTY_BODY = YES;
				CLANG_WARN_ENUM_CONVERSION = YES;
				CLANG_WARN_INFINITE_RECURSION = YES;
				CLANG_WARN_INT_CONVERSION = YES;
				CLANG_WARN_NON_LITERAL_NULL_CONVERSION = YES;
				CLANG_WARN_OBJC_LITERAL_CONVERSION = YES;
				CLANG_WARN_OBJC_ROOT_CLASS = YES_ERROR;
				CLANG_WARN_RANGE_LOOP_ANALYSIS = YES;
				CLANG_WARN_STRICT_PROTOTYPES = YES;
				CLANG_WARN_SUSPICIOUS_MOVE = YES;
				CLANG_WARN_UNGUARDED_AVAILABILITY = YES_AGGRESSIVE;
				CLANG_WARN_UNREACHABLE_CODE = YES;
				CLANG_WARN__DUPLICATE_METHOD_MATCH = YES;
				CODE_SIGN_IDENTITY = "iPhone Developer";
				COPY_PHASE_STRIP = NO;
				DEBUG_INFORMATION_FORMAT = "dwarf-with-dsym";
				ENABLE_NS_ASSERTIONS = NO;
				ENABLE_STRICT_OBJC_MSGSEND = YES;
				GCC_C_LANGUAGE_STANDARD = gnu11;
				GCC_NO_COMMON_BLOCKS = YES;
				GCC_WARN_64_TO_32_BIT_CONVERSION = YES;
				GCC_WARN_ABOUT_RETURN_TYPE = YES_ERROR;
				GCC_WARN_UNDECLARED_SELECTOR = YES;
				GCC_WARN_UNINITIALIZED_AUTOS = YES_AGGRESSIVE;
				GCC_WARN_UNUSED_FUNCTION = YES;
				GCC_WARN_UNUSED_VARIABLE = YES;
				IPHONEOS_DEPLOYMENT_TARGET = 11.2;
				MTL_ENABLE_DEBUG_INFO = NO;
				SDKROOT = iphoneos;
				SWIFT_OPTIMIZATION_LEVEL = "-Owholemodule";
				VALIDATE_PRODUCT = YES;
			};
			name = Release;
		};
		91532F902004218600A45481 /* Debug */ = {
			isa = XCBuildConfiguration;
			buildSettings = {
				ASSETCATALOG_COMPILER_APPICON_NAME = AppIcon;
				CODE_SIGN_STYLE = Manual;
				DEVELOPMENT_TEAM = "";
				INFOPLIST_FILE = Info.plist;
				LD_RUNPATH_SEARCH_PATHS = "$(inherited) @executable_path/Frameworks";
				PRODUCT_BUNDLE_IDENTIFIER = "com.airmap.SwiftTurf-Example";
				PRODUCT_NAME = "$(TARGET_NAME)";
				PROVISIONING_PROFILE_SPECIFIER = "";
				SWIFT_VERSION = 4.0;
				TARGETED_DEVICE_FAMILY = "1,2";
			};
			name = Debug;
		};
		91532F912004218600A45481 /* Release */ = {
			isa = XCBuildConfiguration;
			buildSettings = {
				ASSETCATALOG_COMPILER_APPICON_NAME = AppIcon;
				CODE_SIGN_STYLE = Manual;
				DEVELOPMENT_TEAM = "";
				INFOPLIST_FILE = Info.plist;
				LD_RUNPATH_SEARCH_PATHS = "$(inherited) @executable_path/Frameworks";
				PRODUCT_BUNDLE_IDENTIFIER = "com.airmap.SwiftTurf-Example";
				PRODUCT_NAME = "$(TARGET_NAME)";
				PROVISIONING_PROFILE_SPECIFIER = "";
				SWIFT_VERSION = 4.0;
				TARGETED_DEVICE_FAMILY = "1,2";
			};
			name = Release;
		};
/* End XCBuildConfiguration section */

/* Begin XCConfigurationList section */
		91532F782004218600A45481 /* Build configuration list for PBXProject "SwiftTurf-Example" */ = {
			isa = XCConfigurationList;
			buildConfigurations = (
				91532F8D2004218600A45481 /* Debug */,
				91532F8E2004218600A45481 /* Release */,
			);
			defaultConfigurationIsVisible = 0;
			defaultConfigurationName = Release;
		};
		91532F8F2004218600A45481 /* Build configuration list for PBXNativeTarget "SwiftTurf-Example" */ = {
			isa = XCConfigurationList;
			buildConfigurations = (
				91532F902004218600A45481 /* Debug */,
				91532F912004218600A45481 /* Release */,
			);
			defaultConfigurationIsVisible = 0;
			defaultConfigurationName = Release;
		};
/* End XCConfigurationList section */
	};
	rootObject = 91532F752004218600A45481 /* Project object */;
}
