{
  "name": "swift_turf",
  "version": "1.0.0",
  "lockfileVersion": 1,
  "requires": true,
  "dependencies": {
    "@turf/bbox": {
      "version": "5.1.5",
      "resolved": "https://registry.npmjs.org/@turf/bbox/-/bbox-5.1.5.tgz",
      "integrity": "sha1-MFHfUUrUxQ9KT5uKLRX9i2hA7aM=",
      "requires": {
        "@turf/helpers": "^5.1.5",
        "@turf/meta": "^5.1.5"
      }
    },
    "@turf/boolean-contains": {
      "version": "5.1.5",
      "resolved": "https://registry.npmjs.org/@turf/boolean-contains/-/boolean-contains-5.1.5.tgz",
      "integrity": "sha1-WW1jruY2961T7pn5/yTJaZSg7xQ=",
      "requires": {
        "@turf/bbox": "^5.1.5",
        "@turf/boolean-point-in-polygon": "^5.1.5",
        "@turf/boolean-point-on-line": "^5.1.5",
        "@turf/helpers": "^5.1.5",
        "@turf/invariant": "^5.1.5"
      }
    },
    "@turf/boolean-point-in-polygon": {
      "version": "5.1.5",
      "resolved": "https://registry.npmjs.org/@turf/boolean-point-in-polygon/-/boolean-point-in-polygon-5.1.5.tgz",
      "integrity": "sha1-8BzBlNHgMKVIv9qYHLpDz9YpQbc=",
      "requires": {
        "@turf/helpers": "^5.1.5",
        "@turf/invariant": "^5.1.5"
      }
    },
    "@turf/boolean-point-on-line": {
      "version": "5.1.5",
      "resolved": "https://registry.npmjs.org/@turf/boolean-point-on-line/-/boolean-point-on-line-5.1.5.tgz",
      "integrity": "sha1-9jPF/4Aq0ku48Vja269v9KAj3Xs=",
      "requires": {
        "@turf/helpers": "^5.1.5",
        "@turf/invariant": "^5.1.5"
      }
    },
    "@turf/buffer": {
      "version": "5.1.5",
      "resolved": "https://registry.npmjs.org/@turf/buffer/-/buffer-5.1.5.tgz",
      "integrity": "sha1-hByWJ8+5dLEirE4alW8EZrwCMcQ=",
      "requires": {
        "@turf/bbox": "^5.1.5",
        "@turf/center": "^5.1.5",
        "@turf/helpers": "^5.1.5",
        "@turf/meta": "^5.1.5",
        "@turf/projection": "^5.1.5",
        "d3-geo": "1.7.1",
        "turf-jsts": "*"
      },
      "dependencies": {
        "@turf/bbox": {
          "version": "5.1.5",
          "resolved": "https://registry.npmjs.org/@turf/bbox/-/bbox-5.1.5.tgz",
          "integrity": "sha1-MFHfUUrUxQ9KT5uKLRX9i2hA7aM=",
          "requires": {
            "@turf/helpers": "^5.1.5",
            "@turf/meta": "^5.1.5"
          }
        },
        "@turf/helpers": {
          "version": "5.1.5",
          "resolved": "https://registry.npmjs.org/@turf/helpers/-/helpers-5.1.5.tgz",
          "integrity": "sha1-FTQFInq5M9AEpbuWQantmZ/L4M8="
        },
        "@turf/meta": {
          "version": "5.2.0",
          "resolved": "https://registry.npmjs.org/@turf/meta/-/meta-5.2.0.tgz",
          "integrity": "sha1-OxrUhe4MOwsXdRMqMsOE1T5LpT0=",
          "requires": {
            "@turf/helpers": "^5.1.5"
          }
        }
      }
    },
    "@turf/center": {
      "version": "5.1.5",
      "resolved": "https://registry.npmjs.org/@turf/center/-/center-5.1.5.tgz",
      "integrity": "sha1-RKss2VT2PA03dX9xWKmcPvURS4A=",
      "requires": {
        "@turf/bbox": "^5.1.5",
        "@turf/helpers": "^5.1.5"
      },
      "dependencies": {
        "@turf/bbox": {
          "version": "5.1.5",
          "resolved": "https://registry.npmjs.org/@turf/bbox/-/bbox-5.1.5.tgz",
          "integrity": "sha1-MFHfUUrUxQ9KT5uKLRX9i2hA7aM=",
          "requires": {
            "@turf/helpers": "^5.1.5",
            "@turf/meta": "^5.1.5"
          }
        },
        "@turf/helpers": {
          "version": "5.1.5",
          "resolved": "https://registry.npmjs.org/@turf/helpers/-/helpers-5.1.5.tgz",
          "integrity": "sha1-FTQFInq5M9AEpbuWQantmZ/L4M8="
        },
        "@turf/meta": {
          "version": "5.2.0",
          "resolved": "https://registry.npmjs.org/@turf/meta/-/meta-5.2.0.tgz",
          "integrity": "sha1-OxrUhe4MOwsXdRMqMsOE1T5LpT0=",
          "requires": {
            "@turf/helpers": "^5.1.5"
          }
        }
      }
    },
    "@turf/clone": {
      "version": "5.1.5",
      "resolved": "https://registry.npmjs.org/@turf/clone/-/clone-5.1.5.tgz",
      "integrity": "sha1-JT6NNUdxgZduM636tQoPAqfw42c=",
      "requires": {
        "@turf/helpers": "^5.1.5"
      },
      "dependencies": {
        "@turf/helpers": {
          "version": "5.1.5",
          "resolved": "https://registry.npmjs.org/@turf/helpers/-/helpers-5.1.5.tgz",
          "integrity": "sha1-FTQFInq5M9AEpbuWQantmZ/L4M8="
        }
      }
    },
    "@turf/destination": {
      "version": "5.1.5",
      "resolved": "https://registry.npmjs.org/@turf/destination/-/destination-5.1.5.tgz",
      "integrity": "sha1-7TU4G9zoO73cvQei4rzivd/7zCY=",
      "requires": {
        "@turf/helpers": "^5.1.5",
        "@turf/invariant": "^5.1.5"
      }
    },
    "@turf/helpers": {
      "version": "5.1.5",
      "resolved": "https://registry.npmjs.org/@turf/helpers/-/helpers-5.1.5.tgz",
      "integrity": "sha1-FTQFInq5M9AEpbuWQantmZ/L4M8="
    },
    "@turf/invariant": {
      "version": "5.2.0",
      "resolved": "https://registry.npmjs.org/@turf/invariant/-/invariant-5.2.0.tgz",
      "integrity": "sha1-8BUP9ykLOFd7c9CIt5MsHuCqkKc=",
      "requires": {
        "@turf/helpers": "^5.1.5"
      }
    },
    "@turf/kinks": {
      "version": "5.1.5",
      "resolved": "https://registry.npmjs.org/@turf/kinks/-/kinks-5.1.5.tgz",
      "integrity": "sha1-irtpYdm7AQchO63fLCwmQNAlaYA=",
      "requires": {
        "@turf/helpers": "^5.1.5"
      },
      "dependencies": {
        "@turf/helpers": {
          "version": "5.1.5",
          "resolved": "https://registry.npmjs.org/@turf/helpers/-/helpers-5.1.5.tgz",
          "integrity": "sha1-FTQFInq5M9AEpbuWQantmZ/L4M8="
        }
      }
    },
    "@turf/line-intersect": {
      "version": "5.1.5",
      "resolved": "https://registry.npmjs.org/@turf/line-intersect/-/line-intersect-5.1.5.tgz",
      "integrity": "sha1-DikHGuQDKV5JFyO8SfXPrI0R3fM=",
      "requires": {
        "@turf/helpers": "^5.1.5",
        "@turf/invariant": "^5.1.5",
        "@turf/line-segment": "^5.1.5",
        "@turf/meta": "^5.1.5",
        "geojson-rbush": "2.1.0"
      }
    },
    "@turf/line-segment": {
      "version": "5.1.5",
      "resolved": "https://registry.npmjs.org/@turf/line-segment/-/line-segment-5.1.5.tgz",
      "integrity": "sha1-Mgeq7lRqskw9jcPMY/kcdwuAE+U=",
      "requires": {
        "@turf/helpers": "^5.1.5",
        "@turf/invariant": "^5.1.5",
        "@turf/meta": "^5.1.5"
      }
    },
    "@turf/meta": {
      "version": "5.2.0",
      "resolved": "https://registry.npmjs.org/@turf/meta/-/meta-5.2.0.tgz",
      "integrity": "sha1-OxrUhe4MOwsXdRMqMsOE1T5LpT0=",
      "requires": {
        "@turf/helpers": "^5.1.5"
      }
    },
    "@turf/projection": {
      "version": "5.1.5",
      "resolved": "https://registry.npmjs.org/@turf/projection/-/projection-5.1.5.tgz",
      "integrity": "sha1-JFF+7rLzaBa6n3EueubWo2jt91c=",
      "requires": {
        "@turf/clone": "^5.1.5",
        "@turf/helpers": "^5.1.5",
        "@turf/meta": "^5.1.5"
      },
      "dependencies": {
        "@turf/helpers": {
          "version": "5.1.5",
          "resolved": "https://registry.npmjs.org/@turf/helpers/-/helpers-5.1.5.tgz",
          "integrity": "sha1-FTQFInq5M9AEpbuWQantmZ/L4M8="
        },
        "@turf/meta": {
          "version": "5.2.0",
          "resolved": "https://registry.npmjs.org/@turf/meta/-/meta-5.2.0.tgz",
          "integrity": "sha1-OxrUhe4MOwsXdRMqMsOE1T5LpT0=",
          "requires": {
            "@turf/helpers": "^5.1.5"
          }
        }
      }
    },
    "d3-array": {
      "version": "1.2.4",
      "resolved": "https://registry.npmjs.org/d3-array/-/d3-array-1.2.4.tgz",
      "integrity": "sha512-KHW6M86R+FUPYGb3R5XiYjXPq7VzwxZ22buHhAEVG5ztoEcZZMLov530mmccaqA1GghZArjQV46fuc8kUqhhHw=="
    },
    "d3-geo": {
      "version": "1.7.1",
      "resolved": "https://registry.npmjs.org/d3-geo/-/d3-geo-1.7.1.tgz",
      "integrity": "sha512-O4AempWAr+P5qbk2bC2FuN/sDW4z+dN2wDf9QV3bxQt4M5HfOEeXLgJ/UKQW0+o1Dj8BE+L5kiDbdWUMjsmQpw==",
      "requires": {
        "d3-array": "1"
      }
    },
    "geojson-rbush": {
      "version": "2.1.0",
      "resolved": "https://registry.npmjs.org/geojson-rbush/-/geojson-rbush-2.1.0.tgz",
      "integrity": "sha1-O9c745H8ELCuaT2bis6iquC4Oo0=",
      "requires": {
        "@turf/helpers": "*",
        "@turf/meta": "*",
        "rbush": "*"
      }
    },
    "quickselect": {
      "version": "1.1.1",
      "resolved": "https://registry.npmjs.org/quickselect/-/quickselect-1.1.1.tgz",
      "integrity": "sha512-qN0Gqdw4c4KGPsBOQafj6yj/PA6c/L63f6CaZ/DCF/xF4Esu3jVmKLUDYxghFx8Kb/O7y9tI7x2RjTSXwdK1iQ=="
    },
    "rbush": {
      "version": "2.0.2",
      "resolved": "https://registry.npmjs.org/rbush/-/rbush-2.0.2.tgz",
      "integrity": "sha512-XBOuALcTm+O/H8G90b6pzu6nX6v2zCKiFG4BJho8a+bY6AER6t8uQUZdi5bomQc0AprCWhEGa7ncAbbRap0bRA==",
      "requires": {
        "quickselect": "^1.0.1"
      }
    },
    "turf-jsts": {
      "version": "1.2.3",
      "resolved": "https://registry.npmjs.org/turf-jsts/-/turf-jsts-1.2.3.tgz",
      "integrity": "sha512-Ja03QIJlPuHt4IQ2FfGex4F4JAr8m3jpaHbFbQrgwr7s7L6U8ocrHiF3J1+wf9jzhGKxvDeaCAnGDot8OjGFyA=="
    }
  }
}
