// !$*UTF8*$!
{
	archiveVersion = 1;
	classes = {
	};
	objectVersion = 48;
	objects = {

/* Begin PBXBuildFile section */
		145E634C2608A29B007B5E72 /* turf-6.3.0-fork.js in Resources */ = {isa = PBXBuildFile; fileRef = 145E634B2608A29B007B5E72 /* turf-6.3.0-fork.js */; };
		145E637C2609D009007B5E72 /* SwiftTurfTests.swift in Sources */ = {isa = PBXBuildFile; fileRef = 145E637B2609D009007B5E72 /* SwiftTurfTests.swift */; };
		145E6385260B050E007B5E72 /* GeoJSON.swift in Sources */ = {isa = PBXBuildFile; fileRef = 91532F3520041D7400A45481 /* GeoJSON.swift */; };
		145E6386260B050E007B5E72 /* SwiftTurf.swift in Sources */ = {isa = PBXBuildFile; fileRef = 91532F3620041D7400A45481 /* SwiftTurf.swift */; };
		91532F3820041D7400A45481 /* GeoJSON.swift in Sources */ = {isa = PBXBuildFile; fileRef = 91532F3520041D7400A45481 /* GeoJSON.swift */; };
		91532F3920041D7400A45481 /* SwiftTurf.swift in Sources */ = {isa = PBXBuildFile; fileRef = 91532F3620041D7400A45481 /* SwiftTurf.swift */; };
/* End PBXBuildFile section */

/* Begin PBXFileReference section */
		145E634B2608A29B007B5E72 /* turf-6.3.0-fork.js */ = {isa = PBXFileReference; fileEncoding = 4; lastKnownFileType = sourcecode.javascript; name = "turf-6.3.0-fork.js"; path = "SwiftTurf/Assets/js/turf-6.3.0-fork.js"; sourceTree = "<group>"; };
		145E63792609D009007B5E72 /* SwiftTurfTests.xctest */ = {isa = PBXFileReference; explicitFileType = wrapper.cfbundle; includeInIndex = 0; path = SwiftTurfTests.xctest; sourceTree = BUILT_PRODUCTS_DIR; };
		145E637B2609D009007B5E72 /* SwiftTurfTests.swift */ = {isa = PBXFileReference; lastKnownFileType = sourcecode.swift; path = SwiftTurfTests.swift; sourceTree = "<group>"; };
		145E637D2609D009007B5E72 /* Info.plist */ = {isa = PBXFileReference; lastKnownFileType = text.plist.xml; path = Info.plist; sourceTree = "<group>"; };
		913C3B1A20042C9000BCF16F /* Info.plist */ = {isa = PBXFileReference; lastKnownFileType = text.plist.xml; path = Info.plist; sourceTree = "<group>"; };
		91532F2320041CC500A45481 /* SwiftTurf.framework */ = {isa = PBXFileReference; explicitFileType = wrapper.framework; includeInIndex = 0; path = SwiftTurf.framework; sourceTree = BUILT_PRODUCTS_DIR; };
		91532F3520041D7400A45481 /* GeoJSON.swift */ = {isa = PBXFileReference; fileEncoding = 4; lastKnownFileType = sourcecode.swift; path = GeoJSON.swift; sourceTree = "<group>"; };
		91532F3620041D7400A45481 /* SwiftTurf.swift */ = {isa = PBXFileReference; fileEncoding = 4; lastKnownFileType = sourcecode.swift; path = SwiftTurf.swift; sourceTree = "<group>"; };
		91532F3E20041E2500A45481 /* SwiftTurf.podspec */ = {isa = PBXFileReference; lastKnownFileType = text; path = SwiftTurf.podspec; sourceTree = "<group>"; };
/* End PBXFileReference section */

/* Begin PBXFrameworksBuildPhase section */
		145E63762609D009007B5E72 /* Frameworks */ = {
			isa = PBXFrameworksBuildPhase;
			buildActionMask = 2147483647;
			files = (
			);
			runOnlyForDeploymentPostprocessing = 0;
		};
		91532F1F20041CC500A45481 /* Frameworks */ = {
			isa = PBXFrameworksBuildPhase;
			buildActionMask = 2147483647;
			files = (
			);
			runOnlyForDeploymentPostprocessing = 0;
		};
/* End PBXFrameworksBuildPhase section */

/* Begin PBXGroup section */
		145E637A2609D009007B5E72 /* Tests */ = {
			isa = PBXGroup;
			children = (
				145E637B2609D009007B5E72 /* SwiftTurfTests.swift */,
				145E637D2609D009007B5E72 /* Info.plist */,
			);
			path = Tests;
			sourceTree = "<group>";
		};
		145E638B260B05F7007B5E72 /* Frameworks */ = {
			isa = PBXGroup;
			children = (
			);
			name = Frameworks;
			sourceTree = "<group>";
		};
		91532F1920041CC500A45481 = {
			isa = PBXGroup;
			children = (
				913C3B1A20042C9000BCF16F /* Info.plist */,
				91532F3E20041E2500A45481 /* SwiftTurf.podspec */,
				91532F3320041D7400A45481 /* Classes */,
				91532F3B20041D8300A45481 /* Resources */,
				145E637A2609D009007B5E72 /* Tests */,
				91532F2420041CC500A45481 /* Products */,
				145E638B260B05F7007B5E72 /* Frameworks */,
			);
			sourceTree = "<group>";
		};
		91532F2420041CC500A45481 /* Products */ = {
			isa = PBXGroup;
			children = (
				91532F2320041CC500A45481 /* SwiftTurf.framework */,
				145E63792609D009007B5E72 /* SwiftTurfTests.xctest */,
			);
			name = Products;
			sourceTree = "<group>";
		};
		91532F3320041D7400A45481 /* Classes */ = {
			isa = PBXGroup;
			children = (
				91532F3520041D7400A45481 /* GeoJSON.swift */,
				91532F3620041D7400A45481 /* SwiftTurf.swift */,
			);
			name = Classes;
			path = SwiftTurf/Classes;
			sourceTree = "<group>";
		};
		91532F3B20041D8300A45481 /* Resources */ = {
			isa = PBXGroup;
			children = (
				145E634B2608A29B007B5E72 /* turf-6.3.0-fork.js */,
			);
			name = Resources;
			sourceTree = "<group>";
		};
/* End PBXGroup section */

/* Begin PBXHeadersBuildPhase section */
		91532F2020041CC500A45481 /* Headers */ = {
			isa = PBXHeadersBuildPhase;
			buildActionMask = 2147483647;
			files = (
			);
			runOnlyForDeploymentPostprocessing = 0;
		};
/* End PBXHeadersBuildPhase section */

/* Begin PBXNativeTarget section */
		145E63782609D009007B5E72 /* SwiftTurfTests */ = {
			isa = PBXNativeTarget;
			buildConfigurationList = 145E637E2609D009007B5E72 /* Build configuration list for PBXNativeTarget "SwiftTurfTests" */;
			buildPhases = (
				145E63752609D009007B5E72 /* Sources */,
				145E63762609D009007B5E72 /* Frameworks */,
				145E63772609D009007B5E72 /* Resources */,
			);
			buildRules = (
			);
			dependencies = (
			);
			name = SwiftTurfTests;
			productName = SwiftTurfTests;
			productReference = 145E63792609D009007B5E72 /* SwiftTurfTests.xctest */;
			productType = "com.apple.product-type.bundle.unit-test";
		};
		91532F2220041CC500A45481 /* SwiftTurf */ = {
			isa = PBXNativeTarget;
			buildConfigurationList = 91532F2B20041CC500A45481 /* Build configuration list for PBXNativeTarget "SwiftTurf" */;
			buildPhases = (
				91532F1E20041CC500A45481 /* Sources */,
				91532F1F20041CC500A45481 /* Frameworks */,
				91532F2020041CC500A45481 /* Headers */,
				91532F2120041CC500A45481 /* Resources */,
			);
			buildRules = (
			);
			dependencies = (
			);
			name = SwiftTurf;
			productName = SwiftTurf;
			productReference = 91532F2320041CC500A45481 /* SwiftTurf.framework */;
			productType = "com.apple.product-type.framework";
		};
/* End PBXNativeTarget section */

/* Begin PBXProject section */
		91532F1A20041CC500A45481 /* Project object */ = {
			isa = PBXProject;
			attributes = {
				LastSwiftUpdateCheck = 1240;
				LastUpgradeCheck = 0930;
				ORGANIZATIONNAME = "AirMap, Inc.";
				TargetAttributes = {
					145E63782609D009007B5E72 = {
						CreatedOnToolsVersion = 12.4;
						ProvisioningStyle = Automatic;
					};
					91532F2220041CC500A45481 = {
						CreatedOnToolsVersion = 9.2;
						ProvisioningStyle = Manual;
					};
				};
			};
			buildConfigurationList = 91532F1D20041CC500A45481 /* Build configuration list for PBXProject "SwiftTurf" */;
			compatibilityVersion = "Xcode 8.0";
			developmentRegion = en;
			hasScannedForEncodings = 0;
			knownRegions = (
				en,
			);
			mainGroup = 91532F1920041CC500A45481;
			productRefGroup = 91532F2420041CC500A45481 /* Products */;
			projectDirPath = "";
			projectRoot = "";
			targets = (
				91532F2220041CC500A45481 /* SwiftTurf */,
				145E63782609D009007B5E72 /* SwiftTurfTests */,
			);
		};
/* End PBXProject section */

/* Begin PBXResourcesBuildPhase section */
		145E63772609D009007B5E72 /* Resources */ = {
			isa = PBXResourcesBuildPhase;
			buildActionMask = 2147483647;
			files = (
			);
			runOnlyForDeploymentPostprocessing = 0;
		};
		91532F2120041CC500A45481 /* Resources */ = {
			isa = PBXResourcesBuildPhase;
			buildActionMask = 2147483647;
			files = (
				145E634C2608A29B007B5E72 /* turf-6.3.0-fork.js in Resources */,
			);
			runOnlyForDeploymentPostprocessing = 0;
		};
/* End PBXResourcesBuildPhase section */

/* Begin PBXSourcesBuildPhase section */
		145E63752609D009007B5E72 /* Sources */ = {
			isa = PBXSourcesBuildPhase;
			buildActionMask = 2147483647;
			files = (
				145E6385260B050E007B5E72 /* GeoJSON.swift in Sources */,
				145E6386260B050E007B5E72 /* SwiftTurf.swift in Sources */,
				145E637C2609D009007B5E72 /* SwiftTurfTests.swift in Sources */,
			);
			runOnlyForDeploymentPostprocessing = 0;
		};
		91532F1E20041CC500A45481 /* Sources */ = {
			isa = PBXSourcesBuildPhase;
			buildActionMask = 2147483647;
			files = (
				91532F3920041D7400A45481 /* SwiftTurf.swift in Sources */,
				91532F3820041D7400A45481 /* GeoJSON.swift in Sources */,
			);
			runOnlyForDeploymentPostprocessing = 0;
		};
/* End PBXSourcesBuildPhase section */

/* Begin XCBuildConfiguration section */
		145E637F2609D009007B5E72 /* Debug */ = {
			isa = XCBuildConfiguration;
			buildSettings = {
				CLANG_ENABLE_OBJC_WEAK = YES;
				CLANG_WARN_QUOTED_INCLUDE_IN_FRAMEWORK_HEADER = YES;
				CODE_SIGN_STYLE = Automatic;
				COMBINE_HIDPI_IMAGES = YES;
				DEVELOPMENT_TEAM = 3LYNTP9K2B;
				INFOPLIST_FILE = Tests/Info.plist;
				LD_RUNPATH_SEARCH_PATHS = "$(inherited) @executable_path/../Frameworks @loader_path/../Frameworks";
				MACOSX_DEPLOYMENT_TARGET = 11.1;
				MTL_ENABLE_DEBUG_INFO = INCLUDE_SOURCE;
				MTL_FAST_MATH = YES;
				PRODUCT_BUNDLE_IDENTIFIER = com.okcoker.SwiftTurfTests;
				PRODUCT_NAME = "$(TARGET_NAME)";
				SDKROOT = macosx;
				SWIFT_VERSION = 5.0;
			};
			name = Debug;
		};
		145E63802609D009007B5E72 /* Release */ = {
			isa = XCBuildConfiguration;
			buildSettings = {
				CLANG_ENABLE_OBJC_WEAK = YES;
				CLANG_WARN_QUOTED_INCLUDE_IN_FRAMEWORK_HEADER = YES;
				CODE_SIGN_STYLE = Automatic;
				COMBINE_HIDPI_IMAGES = YES;
				DEVELOPMENT_TEAM = 3LYNTP9K2B;
				INFOPLIST_FILE = Tests/Info.plist;
				LD_RUNPATH_SEARCH_PATHS = "$(inherited) @executable_path/../Frameworks @loader_path/../Frameworks";
				MACOSX_DEPLOYMENT_TARGET = 11.1;
				MTL_FAST_MATH = YES;
				PRODUCT_BUNDLE_IDENTIFIER = com.okcoker.SwiftTurfTests;
				PRODUCT_NAME = "$(TARGET_NAME)";
				SDKROOT = macosx;
				SWIFT_VERSION = 5.0;
			};
			name = Release;
		};
		91532F2920041CC500A45481 /* Debug */ = {
			isa = XCBuildConfiguration;
			buildSettings = {
				ALWAYS_SEARCH_USER_PATHS = NO;
				CLANG_ANALYZER_NONNULL = YES;
				CLANG_ANALYZER_NUMBER_OBJECT_CONVERSION = YES_AGGRESSIVE;
				CLANG_CXX_LANGUAGE_STANDARD = "gnu++14";
				CLANG_CXX_LIBRARY = "libc++";
				CLANG_ENABLE_MODULES = YES;
				CLANG_ENABLE_OBJC_ARC = YES;
				CLANG_WARN_BLOCK_CAPTURE_AUTORELEASING = YES;
				CLANG_WARN_BOOL_CONVERSION = YES;
				CLANG_WARN_COMMA = YES;
				CLANG_WARN_CONSTANT_CONVERSION = YES;
				CLANG_WARN_DEPRECATED_OBJC_IMPLEMENTATIONS = YES;
				CLANG_WARN_DIRECT_OBJC_ISA_USAGE = YES_ERROR;
				CLANG_WARN_DOCUMENTATION_COMMENTS = YES;
				CLANG_WARN_EMPTY_BODY = YES;
				CLANG_WARN_ENUM_CONVERSION = YES;
				CLANG_WARN_INFINITE_RECURSION = YES;
				CLANG_WARN_INT_CONVERSION = YES;
				CLANG_WARN_NON_LITERAL_NULL_CONVERSION = YES;
				CLANG_WARN_OBJC_IMPLICIT_RETAIN_SELF = YES;
				CLANG_WARN_OBJC_LITERAL_CONVERSION = YES;
				CLANG_WARN_OBJC_ROOT_CLASS = YES_ERROR;
				CLANG_WARN_RANGE_LOOP_ANALYSIS = YES;
				CLANG_WARN_STRICT_PROTOTYPES = YES;
				CLANG_WARN_SUSPICIOUS_MOVE = YES;
				CLANG_WARN_UNGUARDED_AVAILABILITY = YES_AGGRESSIVE;
				CLANG_WARN_UNREACHABLE_CODE = YES;
				CLANG_WARN__DUPLICATE_METHOD_MATCH = YES;
				CODE_SIGN_IDENTITY = "iPhone Developer";
				COPY_PHASE_STRIP = NO;
				CURRENT_PROJECT_VERSION = 1;
				DEBUG_INFORMATION_FORMAT = dwarf;
				ENABLE_STRICT_OBJC_MSGSEND = YES;
				ENABLE_TESTABILITY = YES;
				GCC_C_LANGUAGE_STANDARD = gnu11;
				GCC_DYNAMIC_NO_PIC = NO;
				GCC_NO_COMMON_BLOCKS = YES;
				GCC_OPTIMIZATION_LEVEL = 0;
				GCC_PREPROCESSOR_DEFINITIONS = (
					"DEBUG=1",
					"$(inherited)",
				);
				GCC_WARN_64_TO_32_BIT_CONVERSION = YES;
				GCC_WARN_ABOUT_RETURN_TYPE = YES_ERROR;
				GCC_WARN_UNDECLARED_SELECTOR = YES;
				GCC_WARN_UNINITIALIZED_AUTOS = YES_AGGRESSIVE;
				GCC_WARN_UNUSED_FUNCTION = YES;
				GCC_WARN_UNUSED_VARIABLE = YES;
				IPHONEOS_DEPLOYMENT_TARGET = 11.2;
				MTL_ENABLE_DEBUG_INFO = YES;
				ONLY_ACTIVE_ARCH = YES;
				SDKROOT = iphoneos;
				SWIFT_ACTIVE_COMPILATION_CONDITIONS = DEBUG;
				SWIFT_OPTIMIZATION_LEVEL = "-Onone";
				VERSIONING_SYSTEM = "apple-generic";
				VERSION_INFO_PREFIX = "";
			};
			name = Debug;
		};
		91532F2A20041CC500A45481 /* Release */ = {
			isa = XCBuildConfiguration;
			buildSettings = {
				ALWAYS_SEARCH_USER_PATHS = NO;
				CLANG_ANALYZER_NONNULL = YES;
				CLANG_ANALYZER_NUMBER_OBJECT_CONVERSION = YES_AGGRESSIVE;
				CLANG_CXX_LANGUAGE_STANDARD = "gnu++14";
				CLANG_CXX_LIBRARY = "libc++";
				CLANG_ENABLE_MODULES = YES;
				CLANG_ENABLE_OBJC_ARC = YES;
				CLANG_WARN_BLOCK_CAPTURE_AUTORELEASING = YES;
				CLANG_WARN_BOOL_CONVERSION = YES;
				CLANG_WARN_COMMA = YES;
				CLANG_WARN_CONSTANT_CONVERSION = YES;
				CLANG_WARN_DEPRECATED_OBJC_IMPLEMENTATIONS = YES;
				CLANG_WARN_DIRECT_OBJC_ISA_USAGE = YES_ERROR;
				CLANG_WARN_DOCUMENTATION_COMMENTS = YES;
				CLANG_WARN_EMPTY_BODY = YES;
				CLANG_WARN_ENUM_CONVERSION = YES;
				CLANG_WARN_INFINITE_RECURSION = YES;
				CLANG_WARN_INT_CONVERSION = YES;
				CLANG_WARN_NON_LITERAL_NULL_CONVERSION = YES;
				CLANG_WARN_OBJC_IMPLICIT_RETAIN_SELF = YES;
				CLANG_WARN_OBJC_LITERAL_CONVERSION = YES;
				CLANG_WARN_OBJC_ROOT_CLASS = YES_ERROR;
				CLANG_WARN_RANGE_LOOP_ANALYSIS = YES;
				CLANG_WARN_STRICT_PROTOTYPES = YES;
				CLANG_WARN_SUSPICIOUS_MOVE = YES;
				CLANG_WARN_UNGUARDED_AVAILABILITY = YES_AGGRESSIVE;
				CLANG_WARN_UNREACHABLE_CODE = YES;
				CLANG_WARN__DUPLICATE_METHOD_MATCH = YES;
				CODE_SIGN_IDENTITY = "iPhone Developer";
				COPY_PHASE_STRIP = NO;
				CURRENT_PROJECT_VERSION = 1;
				DEBUG_INFORMATION_FORMAT = "dwarf-with-dsym";
				ENABLE_NS_ASSERTIONS = NO;
				ENABLE_STRICT_OBJC_MSGSEND = YES;
				GCC_C_LANGUAGE_STANDARD = gnu11;
				GCC_NO_COMMON_BLOCKS = YES;
				GCC_WARN_64_TO_32_BIT_CONVERSION = YES;
				GCC_WARN_ABOUT_RETURN_TYPE = YES_ERROR;
				GCC_WARN_UNDECLARED_SELECTOR = YES;
				GCC_WARN_UNINITIALIZED_AUTOS = YES_AGGRESSIVE;
				GCC_WARN_UNUSED_FUNCTION = YES;
				GCC_WARN_UNUSED_VARIABLE = YES;
				IPHONEOS_DEPLOYMENT_TARGET = 11.2;
				MTL_ENABLE_DEBUG_INFO = NO;
				SDKROOT = iphoneos;
				SWIFT_OPTIMIZATION_LEVEL = "-Owholemodule";
				VALIDATE_PRODUCT = YES;
				VERSIONING_SYSTEM = "apple-generic";
				VERSION_INFO_PREFIX = "";
			};
			name = Release;
		};
		91532F2C20041CC500A45481 /* Debug */ = {
			isa = XCBuildConfiguration;
			buildSettings = {
				CODE_SIGN_IDENTITY = "";
				CODE_SIGN_STYLE = Manual;
				DEFINES_MODULE = YES;
				DEVELOPMENT_TEAM = "";
				DYLIB_COMPATIBILITY_VERSION = 1;
				DYLIB_CURRENT_VERSION = 1;
				DYLIB_INSTALL_NAME_BASE = "@rpath";
				INFOPLIST_FILE = Info.plist;
				INSTALL_PATH = "$(LOCAL_LIBRARY_DIR)/Frameworks";
				IPHONEOS_DEPLOYMENT_TARGET = 8.0;
				LD_RUNPATH_SEARCH_PATHS = "$(inherited) @executable_path/Frameworks @loader_path/Frameworks";
				MACOSX_DEPLOYMENT_TARGET = 10.6;
				PRODUCT_BUNDLE_IDENTIFIER = com.airmap.SwiftTurf;
				PRODUCT_NAME = "$(TARGET_NAME:c99extidentifier)";
				PROVISIONING_PROFILE_SPECIFIER = "";
				SKIP_INSTALL = YES;
				SWIFT_VERSION = 4.0;
				TARGETED_DEVICE_FAMILY = "1,2";
				TVOS_DEPLOYMENT_TARGET = 9.0;
			};
			name = Debug;
		};
		91532F2D20041CC500A45481 /* Release */ = {
			isa = XCBuildConfiguration;
			buildSettings = {
				CODE_SIGN_IDENTITY = "";
				CODE_SIGN_STYLE = Manual;
				DEFINES_MODULE = YES;
				DEVELOPMENT_TEAM = "";
				DYLIB_COMPATIBILITY_VERSION = 1;
				DYLIB_CURRENT_VERSION = 1;
				DYLIB_INSTALL_NAME_BASE = "@rpath";
				INFOPLIST_FILE = Info.plist;
				INSTALL_PATH = "$(LOCAL_LIBRARY_DIR)/Frameworks";
				IPHONEOS_DEPLOYMENT_TARGET = 8.0;
				LD_RUNPATH_SEARCH_PATHS = "$(inherited) @executable_path/Frameworks @loader_path/Frameworks";
				MACOSX_DEPLOYMENT_TARGET = 10.6;
				PRODUCT_BUNDLE_IDENTIFIER = com.airmap.SwiftTurf;
				PRODUCT_NAME = "$(TARGET_NAME:c99extidentifier)";
				PROVISIONING_PROFILE_SPECIFIER = "";
				SKIP_INSTALL = YES;
				SWIFT_VERSION = 4.0;
				TARGETED_DEVICE_FAMILY = "1,2";
				TVOS_DEPLOYMENT_TARGET = 9.0;
			};
			name = Release;
		};
/* End XCBuildConfiguration section */

/* Begin XCConfigurationList section */
		145E637E2609D009007B5E72 /* Build configuration list for PBXNativeTarget "SwiftTurfTests" */ = {
			isa = XCConfigurationList;
			buildConfigurations = (
				145E637F2609D009007B5E72 /* Debug */,
				145E63802609D009007B5E72 /* Release */,
			);
			defaultConfigurationIsVisible = 0;
			defaultConfigurationName = Release;
		};
		91532F1D20041CC500A45481 /* Build configuration list for PBXProject "SwiftTurf" */ = {
			isa = XCConfigurationList;
			buildConfigurations = (
				91532F2920041CC500A45481 /* Debug */,
				91532F2A20041CC500A45481 /* Release */,
			);
			defaultConfigurationIsVisible = 0;
			defaultConfigurationName = Release;
		};
		91532F2B20041CC500A45481 /* Build configuration list for PBXNativeTarget "SwiftTurf" */ = {
			isa = XCConfigurationList;
			buildConfigurations = (
				91532F2C20041CC500A45481 /* Debug */,
				91532F2D20041CC500A45481 /* Release */,
			);
			defaultConfigurationIsVisible = 0;
			defaultConfigurationName = Release;
		};
/* End XCConfigurationList section */
	};
	rootObject = 91532F1A20041CC500A45481 /* Project object */;
}
